
Microsoft Visual Studio Solution File, Format Version 12.00
Project("{2150E333-8FDC-42A3-9474-1A3956D46DE8}") = "src", "src", "{79DCA1DF-C5D6-4E27-A36B-5DBD060F56DC}"
EndProject
Project("{2150E333-8FDC-42A3-9474-1A3956D46DE8}") = "tests", "tests", "{B5177916-A696-4C3B-B4B2-51446AE4D632}"
EndProject
Project("{FAE04EC0-301F-11D3-BF4B-00C04F79EFBC}") = "ConsoleUI", "src\ConsoleUI\ConsoleUI.csproj", "{D722341F-84D0-43E6-AD68-0C335C2F6A1F}"
EndProject
Project("{FAE04EC0-301F-11D3-BF4B-00C04F79EFBC}") = "Core", "src\Core\Core.csproj", "{606A918B-E633-4C29-BF6F-BEDA58DB7C87}"
EndProject
Project("{FAE04EC0-301F-11D3-BF4B-00C04F79EFBC}") = "App", "src\App\App.csproj", "{C890F885-C2BF-4BC9-B67D-2F3C87E718F1}"
EndProject
Global
	GlobalSection(SolutionConfigurationPlatforms) = preSolution
		Debug|Any CPU = Debug|Any CPU
		Release|Any CPU = Release|Any CPU
	EndGlobalSection
	GlobalSection(ProjectConfigurationPlatforms) = postSolution
		{D722341F-84D0-43E6-AD68-0C335C2F6A1F}.Debug|Any CPU.ActiveCfg = Debug|Any CPU
		{D722341F-84D0-43E6-AD68-0C335C2F6A1F}.Debug|Any CPU.Build.0 = Debug|Any CPU
		{D722341F-84D0-43E6-AD68-0C335C2F6A1F}.Release|Any CPU.ActiveCfg = Release|Any CPU
		{D722341F-84D0-43E6-AD68-0C335C2F6A1F}.Release|Any CPU.Build.0 = Release|Any CPU
		{606A918B-E633-4C29-BF6F-BEDA58DB7C87}.Debug|Any CPU.ActiveCfg = Debug|Any CPU
		{606A918B-E633-4C29-BF6F-BEDA58DB7C87}.Debug|Any CPU.Build.0 = Debug|Any CPU
		{606A918B-E633-4C29-BF6F-BEDA58DB7C87}.Release|Any CPU.ActiveCfg = Release|Any CPU
		{606A918B-E633-4C29-BF6F-BEDA58DB7C87}.Release|Any CPU.Build.0 = Release|Any CPU
		{C890F885-C2BF-4BC9-B67D-2F3C87E718F1}.Debug|Any CPU.ActiveCfg = Debug|Any CPU
		{C890F885-C2BF-4BC9-B67D-2F3C87E718F1}.Debug|Any CPU.Build.0 = Debug|Any CPU
		{C890F885-C2BF-4BC9-B67D-2F3C87E718F1}.Release|Any CPU.ActiveCfg = Release|Any CPU
		{C890F885-C2BF-4BC9-B67D-2F3C87E718F1}.Release|Any CPU.Build.0 = Release|Any CPU
	EndGlobalSection
	GlobalSection(NestedProjects) = preSolution
		{D722341F-84D0-43E6-AD68-0C335C2F6A1F} = {79DCA1DF-C5D6-4E27-A36B-5DBD060F56DC}
		{606A918B-E633-4C29-BF6F-BEDA58DB7C87} = {79DCA1DF-C5D6-4E27-A36B-5DBD060F56DC}
		{C890F885-C2BF-4BC9-B67D-2F3C87E718F1} = {79DCA1DF-C5D6-4E27-A36B-5DBD060F56DC}
	EndGlobalSection
EndGlobal
